
Microsoft Visual Studio Solution File, Format Version 12.00
# Visual Studio Version 16
VisualStudioVersion = 16.0.30621.155
MinimumVisualStudioVersion = 10.0.40219.1
Project("{FAE04EC0-301F-11D3-BF4B-00C04F79EFBC}") = "SigmaTraining0", "SigmaTraining0\SigmaTraining0.csproj", "{04AEB437-DB8E-4180-BFEF-63DFD02A3434}"
EndProject
Global
	GlobalSection(SolutionConfigurationPlatforms) = preSolution
		Debug|Any CPU = Debug|Any CPU
		Release|Any CPU = Release|Any CPU
	EndGlobalSection
	GlobalSection(ProjectConfigurationPlatforms) = postSolution
		{04AEB437-DB8E-4180-BFEF-63DFD02A3434}.Debug|Any CPU.ActiveCfg = Debug|Any CPU
		{04AEB437-DB8E-4180-BFEF-63DFD02A3434}.Debug|Any CPU.Build.0 = Debug|Any CPU
		{04AEB437-DB8E-4180-BFEF-63DFD02A3434}.Release|Any CPU.ActiveCfg = Release|Any CPU
		{04AEB437-DB8E-4180-BFEF-63DFD02A3434}.Release|Any CPU.Build.0 = Release|Any CPU
	EndGlobalSection
	GlobalSection(SolutionProperties) = preSolution
		HideSolutionNode = FALSE
	EndGlobalSection
	GlobalSection(ExtensibilityGlobals) = postSolution
		SolutionGuid = {F675FF40-665A-416F-8C45-90D91B51F2BA}
	EndGlobalSection
EndGlobal
